
Microsoft Visual Studio Solution File, Format Version 12.00
# Visual Studio 15
VisualStudioVersion = 15.0.28307.421
MinimumVisualStudioVersion = 10.0.40219.1
Project("{FAE04EC0-301F-11D3-BF4B-00C04F79EFBC}") = "Library-1", "Library-1\Library-1.csproj", "{4F5D7511-E9D7-4365-95C2-D29B37BEB5F4}"
EndProject
Project("{FAE04EC0-301F-11D3-BF4B-00C04F79EFBC}") = "Library-2", "Library-2\Library-2.csproj", "{3F00201C-F8C7-4D4B-A7BF-F6C370C87593}"
EndProject
Project("{FAE04EC0-301F-11D3-BF4B-00C04F79EFBC}") = "Library-3", "Library-3\Library-3.csproj", "{343292A0-0C8E-4DC1-9768-F7AE735D8EA2}"
EndProject
Project("{FAE04EC0-301F-11D3-BF4B-00C04F79EFBC}") = "Library-4", "Library-4\Library-4.csproj", "{165D6DCD-10AD-4DFF-B358-28223C2538E9}"
EndProject
Global
	GlobalSection(SolutionConfigurationPlatforms) = preSolution
		Debug|Any CPU = Debug|Any CPU
		Release|Any CPU = Release|Any CPU
	EndGlobalSection
	GlobalSection(ProjectConfigurationPlatforms) = postSolution
		{4F5D7511-E9D7-4365-95C2-D29B37BEB5F4}.Debug|Any CPU.ActiveCfg = Debug|Any CPU
		{4F5D7511-E9D7-4365-95C2-D29B37BEB5F4}.Debug|Any CPU.Build.0 = Debug|Any CPU
		{4F5D7511-E9D7-4365-95C2-D29B37BEB5F4}.Release|Any CPU.ActiveCfg = Release|Any CPU
		{4F5D7511-E9D7-4365-95C2-D29B37BEB5F4}.Release|Any CPU.Build.0 = Release|Any CPU
		{3F00201C-F8C7-4D4B-A7BF-F6C370C87593}.Debug|Any CPU.ActiveCfg = Debug|Any CPU
		{3F00201C-F8C7-4D4B-A7BF-F6C370C87593}.Debug|Any CPU.Build.0 = Debug|Any CPU
		{3F00201C-F8C7-4D4B-A7BF-F6C370C87593}.Release|Any CPU.ActiveCfg = Release|Any CPU
		{3F00201C-F8C7-4D4B-A7BF-F6C370C87593}.Release|Any CPU.Build.0 = Release|Any CPU
		{343292A0-0C8E-4DC1-9768-F7AE735D8EA2}.Debug|Any CPU.ActiveCfg = Debug|Any CPU
		{343292A0-0C8E-4DC1-9768-F7AE735D8EA2}.Debug|Any CPU.Build.0 = Debug|Any CPU
		{343292A0-0C8E-4DC1-9768-F7AE735D8EA2}.Release|Any CPU.ActiveCfg = Release|Any CPU
		{343292A0-0C8E-4DC1-9768-F7AE735D8EA2}.Release|Any CPU.Build.0 = Release|Any CPU
		{165D6DCD-10AD-4DFF-B358-28223C2538E9}.Debug|Any CPU.ActiveCfg = Debug|Any CPU
		{165D6DCD-10AD-4DFF-B358-28223C2538E9}.Debug|Any CPU.Build.0 = Debug|Any CPU
		{165D6DCD-10AD-4DFF-B358-28223C2538E9}.Release|Any CPU.ActiveCfg = Release|Any CPU
		{165D6DCD-10AD-4DFF-B358-28223C2538E9}.Release|Any CPU.Build.0 = Release|Any CPU
	EndGlobalSection
	GlobalSection(SolutionProperties) = preSolution
		HideSolutionNode = FALSE
	EndGlobalSection
	GlobalSection(ExtensibilityGlobals) = postSolution
		SolutionGuid = {D7535D5B-B5F3-4665-B3C3-B10F524993D0}
	EndGlobalSection
EndGlobal
