
Microsoft Visual Studio Solution File, Format Version 12.00
# Visual Studio 15
VisualStudioVersion = 15.0.28307.271
MinimumVisualStudioVersion = 10.0.40219.1
Project("{FAE04EC0-301F-11D3-BF4B-00C04F79EFBC}") = "Lab1", "Lab1\Lab1.csproj", "{91F37C7D-AC65-48BC-9938-A7892D19EFE5}"
EndProject
Project("{FAE04EC0-301F-11D3-BF4B-00C04F79EFBC}") = "Task3", "Task3\Task3.csproj", "{6070B5FB-1246-42EE-A330-5B5F57FDCB46}"
EndProject
Project("{FAE04EC0-301F-11D3-BF4B-00C04F79EFBC}") = "Task6", "Task6\Task6.csproj", "{12B6119B-126D-497C-8F62-3768B670DFD2}"
EndProject
Project("{FAE04EC0-301F-11D3-BF4B-00C04F79EFBC}") = "Task7", "Task7\Task7.csproj", "{13F5DE01-8D31-423F-A6E1-5B6201DDD643}"
EndProject
Project("{FAE04EC0-301F-11D3-BF4B-00C04F79EFBC}") = "Task7Canon", "Task7Canon\Task7Canon.csproj", "{4B2A7725-467B-4872-8D4D-5465C378665F}"
EndProject
Global
	GlobalSection(SolutionConfigurationPlatforms) = preSolution
		Debug|Any CPU = Debug|Any CPU
		Release|Any CPU = Release|Any CPU
	EndGlobalSection
	GlobalSection(ProjectConfigurationPlatforms) = postSolution
		{91F37C7D-AC65-48BC-9938-A7892D19EFE5}.Debug|Any CPU.ActiveCfg = Debug|Any CPU
		{91F37C7D-AC65-48BC-9938-A7892D19EFE5}.Debug|Any CPU.Build.0 = Debug|Any CPU
		{91F37C7D-AC65-48BC-9938-A7892D19EFE5}.Release|Any CPU.ActiveCfg = Release|Any CPU
		{91F37C7D-AC65-48BC-9938-A7892D19EFE5}.Release|Any CPU.Build.0 = Release|Any CPU
		{6070B5FB-1246-42EE-A330-5B5F57FDCB46}.Debug|Any CPU.ActiveCfg = Debug|Any CPU
		{6070B5FB-1246-42EE-A330-5B5F57FDCB46}.Debug|Any CPU.Build.0 = Debug|Any CPU
		{6070B5FB-1246-42EE-A330-5B5F57FDCB46}.Release|Any CPU.ActiveCfg = Release|Any CPU
		{6070B5FB-1246-42EE-A330-5B5F57FDCB46}.Release|Any CPU.Build.0 = Release|Any CPU
		{12B6119B-126D-497C-8F62-3768B670DFD2}.Debug|Any CPU.ActiveCfg = Debug|Any CPU
		{12B6119B-126D-497C-8F62-3768B670DFD2}.Debug|Any CPU.Build.0 = Debug|Any CPU
		{12B6119B-126D-497C-8F62-3768B670DFD2}.Release|Any CPU.ActiveCfg = Release|Any CPU
		{12B6119B-126D-497C-8F62-3768B670DFD2}.Release|Any CPU.Build.0 = Release|Any CPU
		{13F5DE01-8D31-423F-A6E1-5B6201DDD643}.Debug|Any CPU.ActiveCfg = Debug|Any CPU
		{13F5DE01-8D31-423F-A6E1-5B6201DDD643}.Debug|Any CPU.Build.0 = Debug|Any CPU
		{13F5DE01-8D31-423F-A6E1-5B6201DDD643}.Release|Any CPU.ActiveCfg = Release|Any CPU
		{13F5DE01-8D31-423F-A6E1-5B6201DDD643}.Release|Any CPU.Build.0 = Release|Any CPU
		{4B2A7725-467B-4872-8D4D-5465C378665F}.Debug|Any CPU.ActiveCfg = Debug|Any CPU
		{4B2A7725-467B-4872-8D4D-5465C378665F}.Debug|Any CPU.Build.0 = Debug|Any CPU
		{4B2A7725-467B-4872-8D4D-5465C378665F}.Release|Any CPU.ActiveCfg = Release|Any CPU
		{4B2A7725-467B-4872-8D4D-5465C378665F}.Release|Any CPU.Build.0 = Release|Any CPU
	EndGlobalSection
	GlobalSection(SolutionProperties) = preSolution
		HideSolutionNode = FALSE
	EndGlobalSection
	GlobalSection(ExtensibilityGlobals) = postSolution
		SolutionGuid = {3703C79D-0DF9-47B1-9791-E69EEB629744}
	EndGlobalSection
EndGlobal
