
Microsoft Visual Studio Solution File, Format Version 12.00
# Visual Studio 15
VisualStudioVersion = 15.0.28307.421
MinimumVisualStudioVersion = 10.0.40219.1
Project("{FAE04EC0-301F-11D3-BF4B-00C04F79EFBC}") = "Lab4Client", "Lab4Client\Lab4Client.csproj", "{F310EBE6-9A2C-4841-9404-60119326B6FA}"
EndProject
Global
	GlobalSection(SolutionConfigurationPlatforms) = preSolution
		Debug|Any CPU = Debug|Any CPU
		Release|Any CPU = Release|Any CPU
	EndGlobalSection
	GlobalSection(ProjectConfigurationPlatforms) = postSolution
		{F310EBE6-9A2C-4841-9404-60119326B6FA}.Debug|Any CPU.ActiveCfg = Debug|Any CPU
		{F310EBE6-9A2C-4841-9404-60119326B6FA}.Debug|Any CPU.Build.0 = Debug|Any CPU
		{F310EBE6-9A2C-4841-9404-60119326B6FA}.Release|Any CPU.ActiveCfg = Release|Any CPU
		{F310EBE6-9A2C-4841-9404-60119326B6FA}.Release|Any CPU.Build.0 = Release|Any CPU
	EndGlobalSection
	GlobalSection(SolutionProperties) = preSolution
		HideSolutionNode = FALSE
	EndGlobalSection
	GlobalSection(ExtensibilityGlobals) = postSolution
		SolutionGuid = {D9D608AC-EBF0-44B5-A6C8-C408AAA48C67}
	EndGlobalSection
EndGlobal
